
Microsoft Visual Studio Solution File, Format Version 12.00
# Visual Studio Version 16
VisualStudioVersion = 16.0.30002.166
MinimumVisualStudioVersion = 10.0.40219.1
Project("{FAE04EC0-301F-11D3-BF4B-00C04F79EFBC}") = "Location validator", "Location validator\Location validator.csproj", "{97826449-34D8-4CF3-B924-F76A42A42C12}"
EndProject
Global
	GlobalSection(SolutionConfigurationPlatforms) = preSolution
		Debug|Any CPU = Debug|Any CPU
		Release|Any CPU = Release|Any CPU
	EndGlobalSection
	GlobalSection(ProjectConfigurationPlatforms) = postSolution
		{97826449-34D8-4CF3-B924-F76A42A42C12}.Debug|Any CPU.ActiveCfg = Debug|Any CPU
		{97826449-34D8-4CF3-B924-F76A42A42C12}.Debug|Any CPU.Build.0 = Debug|Any CPU
		{97826449-34D8-4CF3-B924-F76A42A42C12}.Release|Any CPU.ActiveCfg = Release|Any CPU
		{97826449-34D8-4CF3-B924-F76A42A42C12}.Release|Any CPU.Build.0 = Release|Any CPU
	EndGlobalSection
	GlobalSection(SolutionProperties) = preSolution
		HideSolutionNode = FALSE
	EndGlobalSection
	GlobalSection(ExtensibilityGlobals) = postSolution
		SolutionGuid = {ADA399FE-0FB3-4233-B7FE-C73A3B39F395}
	EndGlobalSection
EndGlobal
